
Microsoft Visual Studio Solution File, Format Version 12.00
# Visual Studio Version 17
VisualStudioVersion = 17.7.34018.315
MinimumVisualStudioVersion = 10.0.40219.1
Project("{FAE04EC0-301F-11D3-BF4B-00C04F79EFBC}") = "uppgift1.1", "uppgift1.1\uppgift1.1.csproj", "{C6E3BD8E-3686-4E73-8F82-38DCBE50F298}"
EndProject
Global
	GlobalSection(SolutionConfigurationPlatforms) = preSolution
		Debug|Any CPU = Debug|Any CPU
		Release|Any CPU = Release|Any CPU
	EndGlobalSection
	GlobalSection(ProjectConfigurationPlatforms) = postSolution
		{C6E3BD8E-3686-4E73-8F82-38DCBE50F298}.Debug|Any CPU.ActiveCfg = Debug|Any CPU
		{C6E3BD8E-3686-4E73-8F82-38DCBE50F298}.Debug|Any CPU.Build.0 = Debug|Any CPU
		{C6E3BD8E-3686-4E73-8F82-38DCBE50F298}.Release|Any CPU.ActiveCfg = Release|Any CPU
		{C6E3BD8E-3686-4E73-8F82-38DCBE50F298}.Release|Any CPU.Build.0 = Release|Any CPU
	EndGlobalSection
	GlobalSection(SolutionProperties) = preSolution
		HideSolutionNode = FALSE
	EndGlobalSection
	GlobalSection(ExtensibilityGlobals) = postSolution
		SolutionGuid = {9906CE5B-4D04-45FA-B061-EB33B7EE2899}
	EndGlobalSection
EndGlobal
